{
  "version": "5",
  "specifiers": {
    "jsr:@std/assert@1": "1.0.19",
    "jsr:@std/internal@^1.0.12": "1.0.13"
  },
  "jsr": {
    "@std/assert@1.0.19": {
      "integrity": "eaada96ee120cb980bc47e040f82814d786fe8162ecc53c91d8df60b8755991e",
      "dependencies": [
        "jsr:@std/internal"
      ]
    },
    "@std/internal@1.0.13": {
      "integrity": "2f9546691d4ac2d32859c82dff284aaeac980ddeca38430d07941e7e288725c0"
    }
  },
  "workspace": {
    "packageJson": {
      "dependencies": [
        "npm:@hookform/resolvers@^5.2.2",
        "npm:@playwright/test@^1.48.0",
        "npm:@radix-ui/react-checkbox@^1.3.3",
        "npm:@radix-ui/react-dialog@^1.1.15",
        "npm:@radix-ui/react-label@^2.1.8",
        "npm:@radix-ui/react-select@^2.2.6",
        "npm:@radix-ui/react-slot@^1.2.4",
        "npm:@supabase/ssr@0.10.3",
        "npm:@testing-library/jest-dom@^6.6.3",
        "npm:@testing-library/react@^16.1.0",
        "npm:@types/dompurify@^3.0.5",
        "npm:@types/node@22",
        "npm:@types/react-dom@19",
        "npm:@types/react@19",
        "npm:@vitejs/plugin-react@^4.3.0",
        "npm:autoprefixer@^10.4.20",
        "npm:class-variance-authority@~0.7.1",
        "npm:clsx@^2.1.1",
        "npm:dompurify@^3.4.2",
        "npm:jsdom@25",
        "npm:lucide-react@^1.14.0",
        "npm:marked@^18.0.3",
        "npm:next-themes@~0.4.6",
        "npm:next@15",
        "npm:postcss@^8.4.49",
        "npm:react-dom@19",
        "npm:react-hook-form@^7.75.0",
        "npm:react@19",
        "npm:sonner@^2.0.7",
        "npm:tailwind-merge@^3.6.0",
        "npm:tailwindcss-scoped-preflight@^3.4.10",
        "npm:tailwindcss@^3.4.17",
        "npm:tsx@^4.19.0",
        "npm:typescript@^5.6.0",
        "npm:vitest@^2.1.0",
        "npm:zod@^4.4.3"
      ]
    }
  }
}
